
Microsoft Visual Studio Solution File, Format Version 12.00
# Visual Studio Version 16
VisualStudioVersion = 16.0.30523.141
MinimumVisualStudioVersion = 10.0.40219.1
Project("{FAE04EC0-301F-11D3-BF4B-00C04F79EFBC}") = "PropertiesOfFile", "PropertiesOfFile\PropertiesOfFile.csproj", "{3330B65E-8FE1-4582-AF11-A993013F4050}"
EndProject
Global
	GlobalSection(SolutionConfigurationPlatforms) = preSolution
		Debug|Any CPU = Debug|Any CPU
		Release|Any CPU = Release|Any CPU
	EndGlobalSection
	GlobalSection(ProjectConfigurationPlatforms) = postSolution
		{3330B65E-8FE1-4582-AF11-A993013F4050}.Debug|Any CPU.ActiveCfg = Debug|Any CPU
		{3330B65E-8FE1-4582-AF11-A993013F4050}.Debug|Any CPU.Build.0 = Debug|Any CPU
		{3330B65E-8FE1-4582-AF11-A993013F4050}.Release|Any CPU.ActiveCfg = Release|Any CPU
		{3330B65E-8FE1-4582-AF11-A993013F4050}.Release|Any CPU.Build.0 = Release|Any CPU
	EndGlobalSection
	GlobalSection(SolutionProperties) = preSolution
		HideSolutionNode = FALSE
	EndGlobalSection
	GlobalSection(ExtensibilityGlobals) = postSolution
		SolutionGuid = {7B1F44A0-3043-461B-8FE1-D26E0099F2FB}
	EndGlobalSection
EndGlobal
